
Microsoft Visual Studio Solution File, Format Version 12.00
# Visual Studio Version 17
VisualStudioVersion = 17.8.34511.84
MinimumVisualStudioVersion = 10.0.40219.1
Project("{FAE04EC0-301F-11D3-BF4B-00C04F79EFBC}") = "Fish Runner", "Fish Runner\Fish Runner.csproj", "{F9AC74A9-F758-44BD-A2D4-3370886A492C}"
EndProject
Global
	GlobalSection(SolutionConfigurationPlatforms) = preSolution
		Debug|Any CPU = Debug|Any CPU
		Release|Any CPU = Release|Any CPU
	EndGlobalSection
	GlobalSection(ProjectConfigurationPlatforms) = postSolution
		{F9AC74A9-F758-44BD-A2D4-3370886A492C}.Debug|Any CPU.ActiveCfg = Debug|Any CPU
		{F9AC74A9-F758-44BD-A2D4-3370886A492C}.Debug|Any CPU.Build.0 = Debug|Any CPU
		{F9AC74A9-F758-44BD-A2D4-3370886A492C}.Release|Any CPU.ActiveCfg = Release|Any CPU
		{F9AC74A9-F758-44BD-A2D4-3370886A492C}.Release|Any CPU.Build.0 = Release|Any CPU
	EndGlobalSection
	GlobalSection(SolutionProperties) = preSolution
		HideSolutionNode = FALSE
	EndGlobalSection
	GlobalSection(ExtensibilityGlobals) = postSolution
		SolutionGuid = {CBF66120-18B7-41BD-B0CB-A8CC9F42737D}
	EndGlobalSection
EndGlobal
